PODS:
  - Alamofire (1.2.3)
  - AlamofireObjectMapper (0.2):
    - Alamofire (~> 1.2)
    - ObjectMapper (~> 0.10)
  - Charts (2.1.0)
  - JBChartView (2.8.14)
  - ObjectMapper (0.12)
  - SIOSocket (0.2.0)

DEPENDENCIES:
  - AlamofireObjectMapper (>= 0.2)
  - Charts (>= 2.1)
  - JBChartView
  - SIOSocket (>= 0.2.0)

SPEC CHECKSUMS:
  Alamofire: 5550bf0b575ed1a4bf9be572f9463e1015cc169e
  AlamofireObjectMapper: 0ed3f7b154a9b35bded72b2fa6adeee7ac49a9a2
  Charts: 8b677edafaad44c439d67cee0b8eaf7a76f9b4df
  JBChartView: e89eabe6aefabd863ea345f3cedbfb773674647c
  ObjectMapper: ef4a369cbab75546029ceb7e8155772b5f8e8841
  SIOSocket: 2facc0bd02ae72d98c223634a46dd8ebdf9be321

COCOAPODS: 0.38.0.beta.2
